
Microsoft Visual Studio Solution File, Format Version 12.00
Project("{2150E333-8FDC-42A3-9474-1A3956D46DE8}") = "4-Api", "4-Api", "{607536DF-3D15-4199-AEA6-0768D096AC51}"
EndProject
Project("{2150E333-8FDC-42A3-9474-1A3956D46DE8}") = "1-Core", "1-Core", "{885A9C60-FDB1-409E-865B-D5B53DF4F0AF}"
EndProject
Project("{FAE04EC0-301F-11D3-BF4B-00C04F79EFBC}") = "Core", "Core\Core.csproj", "{51AB2282-F79F-47B8-9EF4-53F468E93DB8}"
EndProject
Project("{2150E333-8FDC-42A3-9474-1A3956D46DE8}") = "2-Infrastructure", "2-Infrastructure", "{7A43216B-A2E2-451F-9C1B-C09D291026D7}"
EndProject
Project("{FAE04EC0-301F-11D3-BF4B-00C04F79EFBC}") = "Infrastructure", "Infrastructure\Infrastructure.csproj", "{6417A886-F486-4698-B90C-AD2AB93DBEF2}"
EndProject
Project("{2150E333-8FDC-42A3-9474-1A3956D46DE8}") = "3-Application", "3-Application", "{97842AB9-D4DD-464D-9669-C02B747CD9E8}"
EndProject
Project("{FAE04EC0-301F-11D3-BF4B-00C04F79EFBC}") = "Application", "Application\Application.csproj", "{0D0FA63A-6A18-494D-8BF3-6A2EF5B8C640}"
EndProject
Project("{FAE04EC0-301F-11D3-BF4B-00C04F79EFBC}") = "Api", "Api\Api.csproj", "{AD681C05-7753-4878-9138-C263F0B996CF}"
EndProject
Project("{2150E333-8FDC-42A3-9474-1A3956D46DE8}") = "Test", "Test", "{80EA6BFB-52C3-4E55-8676-A7F274F1F20D}"
EndProject
Project("{FAE04EC0-301F-11D3-BF4B-00C04F79EFBC}") = "IntegrationTest", "IntegrationTest\IntegrationTest.csproj", "{212B9B1C-3662-4CE6-BDA7-3233E6559E52}"
EndProject
Global
	GlobalSection(SolutionConfigurationPlatforms) = preSolution
		Debug|Any CPU = Debug|Any CPU
		Release|Any CPU = Release|Any CPU
	EndGlobalSection
	GlobalSection(NestedProjects) = preSolution
		{51AB2282-F79F-47B8-9EF4-53F468E93DB8} = {885A9C60-FDB1-409E-865B-D5B53DF4F0AF}
		{6417A886-F486-4698-B90C-AD2AB93DBEF2} = {7A43216B-A2E2-451F-9C1B-C09D291026D7}
		{0D0FA63A-6A18-494D-8BF3-6A2EF5B8C640} = {97842AB9-D4DD-464D-9669-C02B747CD9E8}
		{AD681C05-7753-4878-9138-C263F0B996CF} = {607536DF-3D15-4199-AEA6-0768D096AC51}
		{212B9B1C-3662-4CE6-BDA7-3233E6559E52} = {80EA6BFB-52C3-4E55-8676-A7F274F1F20D}
	EndGlobalSection
	GlobalSection(ProjectConfigurationPlatforms) = postSolution
		{51AB2282-F79F-47B8-9EF4-53F468E93DB8}.Debug|Any CPU.ActiveCfg = Debug|Any CPU
		{51AB2282-F79F-47B8-9EF4-53F468E93DB8}.Debug|Any CPU.Build.0 = Debug|Any CPU
		{51AB2282-F79F-47B8-9EF4-53F468E93DB8}.Release|Any CPU.ActiveCfg = Release|Any CPU
		{51AB2282-F79F-47B8-9EF4-53F468E93DB8}.Release|Any CPU.Build.0 = Release|Any CPU
		{6417A886-F486-4698-B90C-AD2AB93DBEF2}.Debug|Any CPU.ActiveCfg = Debug|Any CPU
		{6417A886-F486-4698-B90C-AD2AB93DBEF2}.Debug|Any CPU.Build.0 = Debug|Any CPU
		{6417A886-F486-4698-B90C-AD2AB93DBEF2}.Release|Any CPU.ActiveCfg = Release|Any CPU
		{6417A886-F486-4698-B90C-AD2AB93DBEF2}.Release|Any CPU.Build.0 = Release|Any CPU
		{0D0FA63A-6A18-494D-8BF3-6A2EF5B8C640}.Debug|Any CPU.ActiveCfg = Debug|Any CPU
		{0D0FA63A-6A18-494D-8BF3-6A2EF5B8C640}.Debug|Any CPU.Build.0 = Debug|Any CPU
		{0D0FA63A-6A18-494D-8BF3-6A2EF5B8C640}.Release|Any CPU.ActiveCfg = Release|Any CPU
		{0D0FA63A-6A18-494D-8BF3-6A2EF5B8C640}.Release|Any CPU.Build.0 = Release|Any CPU
		{AD681C05-7753-4878-9138-C263F0B996CF}.Debug|Any CPU.ActiveCfg = Debug|Any CPU
		{AD681C05-7753-4878-9138-C263F0B996CF}.Debug|Any CPU.Build.0 = Debug|Any CPU
		{AD681C05-7753-4878-9138-C263F0B996CF}.Release|Any CPU.ActiveCfg = Release|Any CPU
		{AD681C05-7753-4878-9138-C263F0B996CF}.Release|Any CPU.Build.0 = Release|Any CPU
		{212B9B1C-3662-4CE6-BDA7-3233E6559E52}.Debug|Any CPU.ActiveCfg = Debug|Any CPU
		{212B9B1C-3662-4CE6-BDA7-3233E6559E52}.Debug|Any CPU.Build.0 = Debug|Any CPU
		{212B9B1C-3662-4CE6-BDA7-3233E6559E52}.Release|Any CPU.ActiveCfg = Release|Any CPU
		{212B9B1C-3662-4CE6-BDA7-3233E6559E52}.Release|Any CPU.Build.0 = Release|Any CPU
	EndGlobalSection
EndGlobal
